
Microsoft Visual Studio Solution File, Format Version 12.00
# Visual Studio Version 17
VisualStudioVersion = 17.11.35222.181
MinimumVisualStudioVersion = 10.0.40219.1
Project("{FAE04EC0-301F-11D3-BF4B-00C04F79EFBC}") = "ChatBotWebApp", "ChatBotWebApp.csproj", "{975BE3D7-6B3A-43BE-AD09-267A41E5323E}"
EndProject
Global
	GlobalSection(SolutionConfigurationPlatforms) = preSolution
		Debug|Any CPU = Debug|Any CPU
		Release|Any CPU = Release|Any CPU
	EndGlobalSection
	GlobalSection(ProjectConfigurationPlatforms) = postSolution
		{975BE3D7-6B3A-43BE-AD09-267A41E5323E}.Debug|Any CPU.ActiveCfg = Debug|Any CPU
		{975BE3D7-6B3A-43BE-AD09-267A41E5323E}.Debug|Any CPU.Build.0 = Debug|Any CPU
		{975BE3D7-6B3A-43BE-AD09-267A41E5323E}.Release|Any CPU.ActiveCfg = Release|Any CPU
		{975BE3D7-6B3A-43BE-AD09-267A41E5323E}.Release|Any CPU.Build.0 = Release|Any CPU
	EndGlobalSection
	GlobalSection(SolutionProperties) = preSolution
		HideSolutionNode = FALSE
	EndGlobalSection
	GlobalSection(ExtensibilityGlobals) = postSolution
		SolutionGuid = {B70486F4-3DDF-4E88-9364-9D0C01BFFE75}
	EndGlobalSection
EndGlobal
